
Microsoft Visual Studio Solution File, Format Version 12.00
# Visual Studio Version 17
VisualStudioVersion = 17.10.35013.160
MinimumVisualStudioVersion = 10.0.40219.1
Project("{FAE04EC0-301F-11D3-BF4B-00C04F79EFBC}") = "Backtester.Core", "Backtester.Core\Backtester.Core.csproj", "{390D6E8B-71A0-457E-B8B3-07E5B828E83D}"
EndProject
Project("{FAE04EC0-301F-11D3-BF4B-00C04F79EFBC}") = "Backtest.Console", "Backtest.Console\Backtest.Console.csproj", "{559FCCD6-56BB-43EB-BD13-D9A1A11D554C}"
EndProject
Global
	GlobalSection(SolutionConfigurationPlatforms) = preSolution
		Debug|Any CPU = Debug|Any CPU
		Release|Any CPU = Release|Any CPU
	EndGlobalSection
	GlobalSection(ProjectConfigurationPlatforms) = postSolution
		{390D6E8B-71A0-457E-B8B3-07E5B828E83D}.Debug|Any CPU.ActiveCfg = Debug|Any CPU
		{390D6E8B-71A0-457E-B8B3-07E5B828E83D}.Debug|Any CPU.Build.0 = Debug|Any CPU
		{390D6E8B-71A0-457E-B8B3-07E5B828E83D}.Release|Any CPU.ActiveCfg = Release|Any CPU
		{390D6E8B-71A0-457E-B8B3-07E5B828E83D}.Release|Any CPU.Build.0 = Release|Any CPU
		{559FCCD6-56BB-43EB-BD13-D9A1A11D554C}.Debug|Any CPU.ActiveCfg = Debug|Any CPU
		{559FCCD6-56BB-43EB-BD13-D9A1A11D554C}.Debug|Any CPU.Build.0 = Debug|Any CPU
		{559FCCD6-56BB-43EB-BD13-D9A1A11D554C}.Release|Any CPU.ActiveCfg = Release|Any CPU
		{559FCCD6-56BB-43EB-BD13-D9A1A11D554C}.Release|Any CPU.Build.0 = Release|Any CPU
	EndGlobalSection
	GlobalSection(SolutionProperties) = preSolution
		HideSolutionNode = FALSE
	EndGlobalSection
	GlobalSection(ExtensibilityGlobals) = postSolution
		SolutionGuid = {A4D4AC01-9F2C-4B59-AFB9-E9CF8DE38321}
	EndGlobalSection
EndGlobal
